
Microsoft Visual Studio Solution File, Format Version 12.00
# Visual Studio Version 16
VisualStudioVersion = 16.0.29519.87
MinimumVisualStudioVersion = 10.0.40219.1
Project("{FAE04EC0-301F-11D3-BF4B-00C04F79EFBC}") = "UserMaintenacne", "UserMaintenacne\UserMaintenacne.csproj", "{F7C17FC9-8EE5-48BF-91D6-57603FA135A5}"
EndProject
Global
	GlobalSection(SolutionConfigurationPlatforms) = preSolution
		Debug|Any CPU = Debug|Any CPU
		Release|Any CPU = Release|Any CPU
	EndGlobalSection
	GlobalSection(ProjectConfigurationPlatforms) = postSolution
		{F7C17FC9-8EE5-48BF-91D6-57603FA135A5}.Debug|Any CPU.ActiveCfg = Debug|Any CPU
		{F7C17FC9-8EE5-48BF-91D6-57603FA135A5}.Debug|Any CPU.Build.0 = Debug|Any CPU
		{F7C17FC9-8EE5-48BF-91D6-57603FA135A5}.Release|Any CPU.ActiveCfg = Release|Any CPU
		{F7C17FC9-8EE5-48BF-91D6-57603FA135A5}.Release|Any CPU.Build.0 = Release|Any CPU
	EndGlobalSection
	GlobalSection(SolutionProperties) = preSolution
		HideSolutionNode = FALSE
	EndGlobalSection
	GlobalSection(ExtensibilityGlobals) = postSolution
		SolutionGuid = {52E4AA86-27C6-419F-93A1-D76E8BD0D5E2}
	EndGlobalSection
EndGlobal
